
Microsoft Visual Studio Solution File, Format Version 12.00
# Visual Studio 15
VisualStudioVersion = 15.0.27703.2042
MinimumVisualStudioVersion = 10.0.40219.1
Project("{FAE04EC0-301F-11D3-BF4B-00C04F79EFBC}") = "MuestraArchivos", "MuestraArchivos\MuestraArchivos.csproj", "{B5B63481-F1CF-4CE0-9E55-D528FAC320D5}"
EndProject
Global
	GlobalSection(SolutionConfigurationPlatforms) = preSolution
		Debug|Any CPU = Debug|Any CPU
		Release|Any CPU = Release|Any CPU
	EndGlobalSection
	GlobalSection(ProjectConfigurationPlatforms) = postSolution
		{B5B63481-F1CF-4CE0-9E55-D528FAC320D5}.Debug|Any CPU.ActiveCfg = Debug|Any CPU
		{B5B63481-F1CF-4CE0-9E55-D528FAC320D5}.Debug|Any CPU.Build.0 = Debug|Any CPU
		{B5B63481-F1CF-4CE0-9E55-D528FAC320D5}.Release|Any CPU.ActiveCfg = Release|Any CPU
		{B5B63481-F1CF-4CE0-9E55-D528FAC320D5}.Release|Any CPU.Build.0 = Release|Any CPU
	EndGlobalSection
	GlobalSection(SolutionProperties) = preSolution
		HideSolutionNode = FALSE
	EndGlobalSection
	GlobalSection(ExtensibilityGlobals) = postSolution
		SolutionGuid = {A03AB2CD-AA8D-44F8-84F2-3A2C6390CEE1}
	EndGlobalSection
EndGlobal
